// !$*UTF8*$!
{
	archiveVersion = 1;
	classes = {
	};
	objectVersion = 77;
	objects = {

/* Begin PBXBuildFile section */
		0BBA803B20C0E30D4B8E3293 /* Pods_iOS26Demo.framework in Frameworks */ = {isa = PBXBuildFile; fileRef = A7F462A099B05E72924A0710 /* Pods_iOS26Demo.framework */; };
		1A7AB34B2F18DD6300FBCD49 /* AyAiWalletHeadViewSwiftUI.swift in Sources */ = {isa = PBXBuildFile; fileRef = 1A7AB34A2F18DD6300FBCD49 /* AyAiWalletHeadViewSwiftUI.swift */; };
		1A7AB3542F19E1AE00FBCD49 /* ProductGridView.swift in Sources */ = {isa = PBXBuildFile; fileRef = 1A7AB3532F19E1AE00FBCD49 /* ProductGridView.swift */; };
		1A7AB3572F19E22D00FBCD49 /* GridView.swift in Sources */ = {isa = PBXBuildFile; fileRef = 1A7AB3562F19E22D00FBCD49 /* GridView.swift */; };
		1A8420812F173F0F004DB563 /* ProfileViewSwiftUI.swift in Sources */ = {isa = PBXBuildFile; fileRef = 1A8420802F173F0F004DB563 /* ProfileViewSwiftUI.swift */; };
		1AAA0D6A2F2C42DA0047A9C2 /* JXYTabBarVC2.swift in Sources */ = {isa = PBXBuildFile; fileRef = 1AAA0D692F2C42DA0047A9C2 /* JXYTabBarVC2.swift */; };
		1AABBEBE2F161FBE00A1454D /* Assets.xcassets in Resources */ = {isa = PBXBuildFile; fileRef = 1AABBEB42F161FBE00A1454D /* Assets.xcassets */; };
		1AABBEC02F161FBE00A1454D /* LaunchScreen.storyboard in Resources */ = {isa = PBXBuildFile; fileRef = 1AABBEB82F161FBE00A1454D /* LaunchScreen.storyboard */; };
		1AABBEC22F161FBE00A1454D /* AppDelegate.swift in Sources */ = {isa = PBXBuildFile; fileRef = 1AABBEB32F161FBE00A1454D /* AppDelegate.swift */; };
		1AABBEC32F161FBE00A1454D /* JXYTabBarVC.swift in Sources */ = {isa = PBXBuildFile; fileRef = 1AABBEB62F161FBE00A1454D /* JXYTabBarVC.swift */; };
		1AABBEC42F161FBE00A1454D /* SceneDelegate.swift in Sources */ = {isa = PBXBuildFile; fileRef = 1AABBEBB2F161FBE00A1454D /* SceneDelegate.swift */; };
		1AABBEC72F161FEB00A1454D /* BaseNavViewController.swift in Sources */ = {isa = PBXBuildFile; fileRef = 1AABBEC62F161FEB00A1454D /* BaseNavViewController.swift */; };
		1AABBEC92F16209100A1454D /* FirstViewController.swift in Sources */ = {isa = PBXBuildFile; fileRef = 1AABBEC82F16209100A1454D /* FirstViewController.swift */; };
		1AABBECB2F1620B000A1454D /* SecondViewController.swift in Sources */ = {isa = PBXBuildFile; fileRef = 1AABBECA2F1620B000A1454D /* SecondViewController.swift */; };
		1AABBECD2F1620D100A1454D /* ThreeViewController.swift in Sources */ = {isa = PBXBuildFile; fileRef = 1AABBECC2F1620D100A1454D /* ThreeViewController.swift */; };
		1AABBED22F162B3800A1454D /* FourViewController.swift in Sources */ = {isa = PBXBuildFile; fileRef = 1AABBED12F162B3800A1454D /* FourViewController.swift */; };
		1AABBEEE2F16401C00A1454D /* SearchViewController.swift in Sources */ = {isa = PBXBuildFile; fileRef = 1AABBEED2F16401C00A1454D /* SearchViewController.swift */; };
		1ABCC60E2F5572A20052F9EF /* HomeModuleProtocol.swift in Sources */ = {isa = PBXBuildFile; fileRef = 1ABCC60D2F5572A20052F9EF /* HomeModuleProtocol.swift */; };
		1ABCC6102F5573340052F9EF /* HomeDependenciesProtocol.swift in Sources */ = {isa = PBXBuildFile; fileRef = 1ABCC60F2F5573340052F9EF /* HomeDependenciesProtocol.swift */; };
		1ABCC6132F5573B50052F9EF /* HomeViewModel.swift in Sources */ = {isa = PBXBuildFile; fileRef = 1ABCC6122F5573B50052F9EF /* HomeViewModel.swift */; };
		1ABCC6162F55744E0052F9EF /* HomeSwiftUIView.swift in Sources */ = {isa = PBXBuildFile; fileRef = 1ABCC6152F55744E0052F9EF /* HomeSwiftUIView.swift */; };
		1ABCC6182F5574E70052F9EF /* HomeV1Assembly.swift in Sources */ = {isa = PBXBuildFile; fileRef = 1ABCC6172F5574E70052F9EF /* HomeV1Assembly.swift */; };
		1ABCC61A2F55753E0052F9EF /* HomeV2Assembly.swift in Sources */ = {isa = PBXBuildFile; fileRef = 1ABCC6192F55753E0052F9EF /* HomeV2Assembly.swift */; };
		1ABCC61C2F55757F0052F9EF /* HomeStrategy.swift in Sources */ = {isa = PBXBuildFile; fileRef = 1ABCC61B2F55757E0052F9EF /* HomeStrategy.swift */; };
		1ABCC61E2F5575B60052F9EF /* AppEnvironment.swift in Sources */ = {isa = PBXBuildFile; fileRef = 1ABCC61D2F5575B60052F9EF /* AppEnvironment.swift */; };
		1ABCC6202F5575DE0052F9EF /* AppBootstrap.swift in Sources */ = {isa = PBXBuildFile; fileRef = 1ABCC61F2F5575DE0052F9EF /* AppBootstrap.swift */; };
		1ABCC6252F5576B80052F9EF /* UserServiceProtocol.swift in Sources */ = {isa = PBXBuildFile; fileRef = 1ABCC6242F5576B80052F9EF /* UserServiceProtocol.swift */; };
		1ABCC6272F5576E20052F9EF /* DefaultUserService.swift in Sources */ = {isa = PBXBuildFile; fileRef = 1ABCC6262F5576E20052F9EF /* DefaultUserService.swift */; };
		1ABCC6292F5577070052F9EF /* AnalyticsServiceProtocol.swift in Sources */ = {isa = PBXBuildFile; fileRef = 1ABCC6282F5577070052F9EF /* AnalyticsServiceProtocol.swift */; };
		1ABCC62B2F55772E0052F9EF /* DefaultAnalyticsService.swift in Sources */ = {isa = PBXBuildFile; fileRef = 1ABCC62A2F55772E0052F9EF /* DefaultAnalyticsService.swift */; };
		1ABCC62D2F55776C0052F9EF /* Feature.swift in Sources */ = {isa = PBXBuildFile; fileRef = 1ABCC62C2F55776C0052F9EF /* Feature.swift */; };
		1ABCC62F2F5577A90052F9EF /* FeatureFlagServiceProtocol.swift in Sources */ = {isa = PBXBuildFile; fileRef = 1ABCC62E2F5577A90052F9EF /* FeatureFlagServiceProtocol.swift */; };
		1ABCC6312F5577C70052F9EF /* DefaultFeatureFlagService.swift in Sources */ = {isa = PBXBuildFile; fileRef = 1ABCC6302F5577C70052F9EF /* DefaultFeatureFlagService.swift */; };
		1ABCC6332F5577F00052F9EF /* RemoteFeatureFlagService.swift in Sources */ = {isa = PBXBuildFile; fileRef = 1ABCC6322F5577F00052F9EF /* RemoteFeatureFlagService.swift */; };
		1ABCC6352F5578300052F9EF /* Services.swift in Sources */ = {isa = PBXBuildFile; fileRef = 1ABCC6342F5578300052F9EF /* Services.swift */; };
		1ABCC6372F55787E0052F9EF /* MockUserService.swift in Sources */ = {isa = PBXBuildFile; fileRef = 1ABCC6362F55787E0052F9EF /* MockUserService.swift */; };
		1ABCC63C2F5579A50052F9EF /* Route.swift in Sources */ = {isa = PBXBuildFile; fileRef = 1ABCC63B2F5579A50052F9EF /* Route.swift */; };
		1ABCC63E2F5579D30052F9EF /* AppRouter.swift in Sources */ = {isa = PBXBuildFile; fileRef = 1ABCC63D2F5579D30052F9EF /* AppRouter.swift */; };
		1ABCC6402F557A0C0052F9EF /* ModuleProtocol.swift in Sources */ = {isa = PBXBuildFile; fileRef = 1ABCC63F2F557A0C0052F9EF /* ModuleProtocol.swift */; };
		1ABCC6422F557A230052F9EF /* ModuleRegistry.swift in Sources */ = {isa = PBXBuildFile; fileRef = 1ABCC6412F557A230052F9EF /* ModuleRegistry.swift */; };
		1ABCC6442F557A4B0052F9EF /* ModuleStrategy.swift in Sources */ = {isa = PBXBuildFile; fileRef = 1ABCC6432F557A4B0052F9EF /* ModuleStrategy.swift */; };
		1ABCC6462F557A7A0052F9EF /* Logger.swift in Sources */ = {isa = PBXBuildFile; fileRef = 1ABCC6452F557A7A0052F9EF /* Logger.swift */; };
		1ABCC6482F557A9F0052F9EF /* NetworkClient.swift in Sources */ = {isa = PBXBuildFile; fileRef = 1ABCC6472F557A9F0052F9EF /* NetworkClient.swift */; };
		1ABCC64A2F557AE10052F9EF /* DefaultLogger.swift in Sources */ = {isa = PBXBuildFile; fileRef = 1ABCC6492F557AE10052F9EF /* DefaultLogger.swift */; };
		1ABCC64C2F557B000052F9EF /* DefaultNetworkClient.swift in Sources */ = {isa = PBXBuildFile; fileRef = 1ABCC64B2F557B000052F9EF /* DefaultNetworkClient.swift */; };
		1ABCC64E2F557B4A0052F9EF /* Storage.swift in Sources */ = {isa = PBXBuildFile; fileRef = 1ABCC64D2F557B4A0052F9EF /* Storage.swift */; };
		1ABCC6502F557B670052F9EF /* UserDefaultsStorage.swift in Sources */ = {isa = PBXBuildFile; fileRef = 1ABCC64F2F557B670052F9EF /* UserDefaultsStorage.swift */; };
		1ABCC6532F557E140052F9EF /* ProfileModuleProtocol.swift in Sources */ = {isa = PBXBuildFile; fileRef = 1ABCC6522F557E140052F9EF /* ProfileModuleProtocol.swift */; };
		1ACFD3432F558B1D00F842AB /* HomeViewController.swift in Sources */ = {isa = PBXBuildFile; fileRef = 1ACFD3422F558B1D00F842AB /* HomeViewController.swift */; };
		1ACFD3452F5595FD00F842AB /* BaseStrategy.swift in Sources */ = {isa = PBXBuildFile; fileRef = 1ACFD3442F5595FD00F842AB /* BaseStrategy.swift */; };
		1ACFD3472F55976500F842AB /* ProfileStrategy.swift in Sources */ = {isa = PBXBuildFile; fileRef = 1ACFD3462F55976500F842AB /* ProfileStrategy.swift */; };
/* End PBXBuildFile section */

/* Begin PBXFileReference section */
		1A7AB34A2F18DD6300FBCD49 /* AyAiWalletHeadViewSwiftUI.swift */ = {isa = PBXFileReference; lastKnownFileType = sourcecode.swift; path = AyAiWalletHeadViewSwiftUI.swift; sourceTree = "<group>"; };
		1A7AB3532F19E1AE00FBCD49 /* ProductGridView.swift */ = {isa = PBXFileReference; lastKnownFileType = sourcecode.swift; path = ProductGridView.swift; sourceTree = "<group>"; };
		1A7AB3562F19E22D00FBCD49 /* GridView.swift */ = {isa = PBXFileReference; lastKnownFileType = sourcecode.swift; path = GridView.swift; sourceTree = "<group>"; };
		1A8420802F173F0F004DB563 /* ProfileViewSwiftUI.swift */ = {isa = PBXFileReference; lastKnownFileType = sourcecode.swift; path = ProfileViewSwiftUI.swift; sourceTree = "<group>"; };
		1AAA0D692F2C42DA0047A9C2 /* JXYTabBarVC2.swift */ = {isa = PBXFileReference; lastKnownFileType = sourcecode.swift; path = JXYTabBarVC2.swift; sourceTree = "<group>"; };
		1AABBE7C2F161DB000A1454D /* iOS26Demo.app */ = {isa = PBXFileReference; explicitFileType = wrapper.application; includeInIndex = 0; path = iOS26Demo.app; sourceTree = BUILT_PRODUCTS_DIR; };
		1AABBEB32F161FBE00A1454D /* AppDelegate.swift */ = {isa = PBXFileReference; lastKnownFileType = sourcecode.swift; path = AppDelegate.swift; sourceTree = "<group>"; };
		1AABBEB42F161FBE00A1454D /* Assets.xcassets */ = {isa = PBXFileReference; lastKnownFileType = folder.assetcatalog; path = Assets.xcassets; sourceTree = "<group>"; };
		1AABBEB52F161FBE00A1454D /* Info.plist */ = {isa = PBXFileReference; lastKnownFileType = text.plist.xml; path = Info.plist; sourceTree = "<group>"; };
		1AABBEB62F161FBE00A1454D /* JXYTabBarVC.swift */ = {isa = PBXFileReference; lastKnownFileType = sourcecode.swift; path = JXYTabBarVC.swift; sourceTree = "<group>"; };
		1AABBEB72F161FBE00A1454D /* Base */ = {isa = PBXFileReference; lastKnownFileType = file.storyboard; name = Base; path = Base.lproj/LaunchScreen.storyboard; sourceTree = "<group>"; };
		1AABBEBB2F161FBE00A1454D /* SceneDelegate.swift */ = {isa = PBXFileReference; lastKnownFileType = sourcecode.swift; path = SceneDelegate.swift; sourceTree = "<group>"; };
		1AABBEC62F161FEB00A1454D /* BaseNavViewController.swift */ = {isa = PBXFileReference; lastKnownFileType = sourcecode.swift; path = BaseNavViewController.swift; sourceTree = "<group>"; };
		1AABBEC82F16209100A1454D /* FirstViewController.swift */ = {isa = PBXFileReference; lastKnownFileType = sourcecode.swift; path = FirstViewController.swift; sourceTree = "<group>"; };
		1AABBECA2F1620B000A1454D /* SecondViewController.swift */ = {isa = PBXFileReference; lastKnownFileType = sourcecode.swift; path = SecondViewController.swift; sourceTree = "<group>"; };
		1AABBECC2F1620D100A1454D /* ThreeViewController.swift */ = {isa = PBXFileReference; lastKnownFileType = sourcecode.swift; path = ThreeViewController.swift; sourceTree = "<group>"; };
		1AABBED12F162B3800A1454D /* FourViewController.swift */ = {isa = PBXFileReference; lastKnownFileType = sourcecode.swift; path = FourViewController.swift; sourceTree = "<group>"; };
		1AABBEED2F16401C00A1454D /* SearchViewController.swift */ = {isa = PBXFileReference; lastKnownFileType = sourcecode.swift; path = SearchViewController.swift; sourceTree = "<group>"; };
		1ABCC60D2F5572A20052F9EF /* HomeModuleProtocol.swift */ = {isa = PBXFileReference; lastKnownFileType = sourcecode.swift; path = HomeModuleProtocol.swift; sourceTree = "<group>"; };
		1ABCC60F2F5573340052F9EF /* HomeDependenciesProtocol.swift */ = {isa = PBXFileReference; lastKnownFileType = sourcecode.swift; path = HomeDependenciesProtocol.swift; sourceTree = "<group>"; };
		1ABCC6122F5573B50052F9EF /* HomeViewModel.swift */ = {isa = PBXFileReference; lastKnownFileType = sourcecode.swift; path = HomeViewModel.swift; sourceTree = "<group>"; };
		1ABCC6152F55744E0052F9EF /* HomeSwiftUIView.swift */ = {isa = PBXFileReference; lastKnownFileType = sourcecode.swift; path = HomeSwiftUIView.swift; sourceTree = "<group>"; };
		1ABCC6172F5574E70052F9EF /* HomeV1Assembly.swift */ = {isa = PBXFileReference; lastKnownFileType = sourcecode.swift; path = HomeV1Assembly.swift; sourceTree = "<group>"; };
		1ABCC6192F55753E0052F9EF /* HomeV2Assembly.swift */ = {isa = PBXFileReference; lastKnownFileType = sourcecode.swift; path = HomeV2Assembly.swift; sourceTree = "<group>"; };
		1ABCC61B2F55757E0052F9EF /* HomeStrategy.swift */ = {isa = PBXFileReference; lastKnownFileType = sourcecode.swift; path = HomeStrategy.swift; sourceTree = "<group>"; };
		1ABCC61D2F5575B60052F9EF /* AppEnvironment.swift */ = {isa = PBXFileReference; lastKnownFileType = sourcecode.swift; path = AppEnvironment.swift; sourceTree = "<group>"; };
		1ABCC61F2F5575DE0052F9EF /* AppBootstrap.swift */ = {isa = PBXFileReference; lastKnownFileType = sourcecode.swift; path = AppBootstrap.swift; sourceTree = "<group>"; };
		1ABCC6242F5576B80052F9EF /* UserServiceProtocol.swift */ = {isa = PBXFileReference; lastKnownFileType = sourcecode.swift; path = UserServiceProtocol.swift; sourceTree = "<group>"; };
		1ABCC6262F5576E20052F9EF /* DefaultUserService.swift */ = {isa = PBXFileReference; lastKnownFileType = sourcecode.swift; path = DefaultUserService.swift; sourceTree = "<group>"; };
		1ABCC6282F5577070052F9EF /* AnalyticsServiceProtocol.swift */ = {isa = PBXFileReference; lastKnownFileType = sourcecode.swift; path = AnalyticsServiceProtocol.swift; sourceTree = "<group>"; };
		1ABCC62A2F55772E0052F9EF /* DefaultAnalyticsService.swift */ = {isa = PBXFileReference; lastKnownFileType = sourcecode.swift; path = DefaultAnalyticsService.swift; sourceTree = "<group>"; };
		1ABCC62C2F55776C0052F9EF /* Feature.swift */ = {isa = PBXFileReference; lastKnownFileType = sourcecode.swift; path = Feature.swift; sourceTree = "<group>"; };
		1ABCC62E2F5577A90052F9EF /* FeatureFlagServiceProtocol.swift */ = {isa = PBXFileReference; lastKnownFileType = sourcecode.swift; path = FeatureFlagServiceProtocol.swift; sourceTree = "<group>"; };
		1ABCC6302F5577C70052F9EF /* DefaultFeatureFlagService.swift */ = {isa = PBXFileReference; lastKnownFileType = sourcecode.swift; path = DefaultFeatureFlagService.swift; sourceTree = "<group>"; };
		1ABCC6322F5577F00052F9EF /* RemoteFeatureFlagService.swift */ = {isa = PBXFileReference; lastKnownFileType = sourcecode.swift; path = RemoteFeatureFlagService.swift; sourceTree = "<group>"; };
		1ABCC6342F5578300052F9EF /* Services.swift */ = {isa = PBXFileReference; lastKnownFileType = sourcecode.swift; path = Services.swift; sourceTree = "<group>"; };
		1ABCC6362F55787E0052F9EF /* MockUserService.swift */ = {isa = PBXFileReference; lastKnownFileType = sourcecode.swift; path = MockUserService.swift; sourceTree = "<group>"; };
		1ABCC63B2F5579A50052F9EF /* Route.swift */ = {isa = PBXFileReference; lastKnownFileType = sourcecode.swift; path = Route.swift; sourceTree = "<group>"; };
		1ABCC63D2F5579D30052F9EF /* AppRouter.swift */ = {isa = PBXFileReference; lastKnownFileType = sourcecode.swift; path = AppRouter.swift; sourceTree = "<group>"; };
		1ABCC63F2F557A0C0052F9EF /* ModuleProtocol.swift */ = {isa = PBXFileReference; lastKnownFileType = sourcecode.swift; path = ModuleProtocol.swift; sourceTree = "<group>"; };
		1ABCC6412F557A230052F9EF /* ModuleRegistry.swift */ = {isa = PBXFileReference; lastKnownFileType = sourcecode.swift; path = ModuleRegistry.swift; sourceTree = "<group>"; };
		1ABCC6432F557A4B0052F9EF /* ModuleStrategy.swift */ = {isa = PBXFileReference; lastKnownFileType = sourcecode.swift; path = ModuleStrategy.swift; sourceTree = "<group>"; };
		1ABCC6452F557A7A0052F9EF /* Logger.swift */ = {isa = PBXFileReference; lastKnownFileType = sourcecode.swift; path = Logger.swift; sourceTree = "<group>"; };
		1ABCC6472F557A9F0052F9EF /* NetworkClient.swift */ = {isa = PBXFileReference; lastKnownFileType = sourcecode.swift; path = NetworkClient.swift; sourceTree = "<group>"; };
		1ABCC6492F557AE10052F9EF /* DefaultLogger.swift */ = {isa = PBXFileReference; lastKnownFileType = sourcecode.swift; path = DefaultLogger.swift; sourceTree = "<group>"; };
		1ABCC64B2F557B000052F9EF /* DefaultNetworkClient.swift */ = {isa = PBXFileReference; lastKnownFileType = sourcecode.swift; path = DefaultNetworkClient.swift; sourceTree = "<group>"; };
		1ABCC64D2F557B4A0052F9EF /* Storage.swift */ = {isa = PBXFileReference; lastKnownFileType = sourcecode.swift; path = Storage.swift; sourceTree = "<group>"; };
		1ABCC64F2F557B670052F9EF /* UserDefaultsStorage.swift */ = {isa = PBXFileReference; lastKnownFileType = sourcecode.swift; path = UserDefaultsStorage.swift; sourceTree = "<group>"; };
		1ABCC6522F557E140052F9EF /* ProfileModuleProtocol.swift */ = {isa = PBXFileReference; lastKnownFileType = sourcecode.swift; path = ProfileModuleProtocol.swift; sourceTree = "<group>"; };
		1ACFD3422F558B1D00F842AB /* HomeViewController.swift */ = {isa = PBXFileReference; lastKnownFileType = sourcecode.swift; path = HomeViewController.swift; sourceTree = "<group>"; };
		1ACFD3442F5595FD00F842AB /* BaseStrategy.swift */ = {isa = PBXFileReference; lastKnownFileType = sourcecode.swift; path = BaseStrategy.swift; sourceTree = "<group>"; };
		1ACFD3462F55976500F842AB /* ProfileStrategy.swift */ = {isa = PBXFileReference; lastKnownFileType = sourcecode.swift; path = ProfileStrategy.swift; sourceTree = "<group>"; };
		1E82530F97D090AD07E952D3 /* Pods-iOS26Demo.debug.xcconfig */ = {isa = PBXFileReference; includeInIndex = 1; lastKnownFileType = text.xcconfig; name = "Pods-iOS26Demo.debug.xcconfig"; path = "Target Support Files/Pods-iOS26Demo/Pods-iOS26Demo.debug.xcconfig"; sourceTree = "<group>"; };
		2D00AC1B369A8E05BFBDD319 /* Pods-iOS26Demo.release.xcconfig */ = {isa = PBXFileReference; includeInIndex = 1; lastKnownFileType = text.xcconfig; name = "Pods-iOS26Demo.release.xcconfig"; path = "Target Support Files/Pods-iOS26Demo/Pods-iOS26Demo.release.xcconfig"; sourceTree = "<group>"; };
		A7F462A099B05E72924A0710 /* Pods_iOS26Demo.framework */ = {isa = PBXFileReference; explicitFileType = wrapper.framework; includeInIndex = 0; path = Pods_iOS26Demo.framework; sourceTree = BUILT_PRODUCTS_DIR; };
/* End PBXFileReference section */

/* Begin PBXFrameworksBuildPhase section */
		1AABBE792F161DB000A1454D /* Frameworks */ = {
			isa = PBXFrameworksBuildPhase;
			buildActionMask = 2147483647;
			files = (
				0BBA803B20C0E30D4B8E3293 /* Pods_iOS26Demo.framework in Frameworks */,
			);
			runOnlyForDeploymentPostprocessing = 0;
		};
/* End PBXFrameworksBuildPhase section */

/* Begin PBXGroup section */
		1A7AB3522F19E17E00FBCD49 /* View */ = {
			isa = PBXGroup;
			children = (
				1A8420802F173F0F004DB563 /* ProfileViewSwiftUI.swift */,
				1A7AB34A2F18DD6300FBCD49 /* AyAiWalletHeadViewSwiftUI.swift */,
				1A7AB3532F19E1AE00FBCD49 /* ProductGridView.swift */,
			);
			path = View;
			sourceTree = "<group>";
		};
		1A7AB3552F19E21B00FBCD49 /* ViewTools */ = {
			isa = PBXGroup;
			children = (
				1A7AB3562F19E22D00FBCD49 /* GridView.swift */,
			);
			path = ViewTools;
			sourceTree = "<group>";
		};
		1AABBE732F161DB000A1454D = {
			isa = PBXGroup;
			children = (
				1ABCC5ED2F5571800052F9EF /* App */,
				1AABBEBD2F161FBE00A1454D /* iOS26Demo */,
				1AABBE7D2F161DB000A1454D /* Products */,
				80EE7A2276F857892849C526 /* Pods */,
				6A4D0B3A41FAC62DF99C5A15 /* Frameworks */,
			);
			sourceTree = "<group>";
		};
		1AABBE7D2F161DB000A1454D /* Products */ = {
			isa = PBXGroup;
			children = (
				1AABBE7C2F161DB000A1454D /* iOS26Demo.app */,
			);
			name = Products;
			sourceTree = "<group>";
		};
		1AABBEBD2F161FBE00A1454D /* iOS26Demo */ = {
			isa = PBXGroup;
			children = (
				1AABBECF2F16213500A1454D /* Classes */,
				1AABBECE2F16210E00A1454D /* BaseMain */,
				1AABBED02F1621BC00A1454D /* Supporting Files */,
			);
			path = iOS26Demo;
			sourceTree = "<group>";
		};
		1AABBECE2F16210E00A1454D /* BaseMain */ = {
			isa = PBXGroup;
			children = (
				1AAA0D692F2C42DA0047A9C2 /* JXYTabBarVC2.swift */,
				1AABBEB62F161FBE00A1454D /* JXYTabBarVC.swift */,
				1AABBEC62F161FEB00A1454D /* BaseNavViewController.swift */,
			);
			path = BaseMain;
			sourceTree = "<group>";
		};
		1AABBECF2F16213500A1454D /* Classes */ = {
			isa = PBXGroup;
			children = (
				1ACFD3422F558B1D00F842AB /* HomeViewController.swift */,
				1A7AB3552F19E21B00FBCD49 /* ViewTools */,
				1A7AB3522F19E17E00FBCD49 /* View */,
				1AABBEC82F16209100A1454D /* FirstViewController.swift */,
				1AABBECA2F1620B000A1454D /* SecondViewController.swift */,
				1AABBECC2F1620D100A1454D /* ThreeViewController.swift */,
				1AABBED12F162B3800A1454D /* FourViewController.swift */,
				1AABBEED2F16401C00A1454D /* SearchViewController.swift */,
			);
			path = Classes;
			sourceTree = "<group>";
		};
		1AABBED02F1621BC00A1454D /* Supporting Files */ = {
			isa = PBXGroup;
			children = (
				1AABBEB42F161FBE00A1454D /* Assets.xcassets */,
				1AABBEB52F161FBE00A1454D /* Info.plist */,
				1AABBEB82F161FBE00A1454D /* LaunchScreen.storyboard */,
			);
			path = "Supporting Files";
			sourceTree = "<group>";
		};
		1ABCC5ED2F5571800052F9EF /* App */ = {
			isa = PBXGroup;
			children = (
				1ABCC5EE2F5571940052F9EF /* Application */,
				1ABCC5EF2F5571A00052F9EF /* Core */,
				1ABCC5F02F5571B40052F9EF /* Services */,
				1ABCC5F12F5571BC0052F9EF /* Modules */,
				1ABCC5F22F5571C80052F9EF /* Resources */,
			);
			path = App;
			sourceTree = "<group>";
		};
		1ABCC5EE2F5571940052F9EF /* Application */ = {
			isa = PBXGroup;
			children = (
				1AABBEB32F161FBE00A1454D /* AppDelegate.swift */,
				1AABBEBB2F161FBE00A1454D /* SceneDelegate.swift */,
				1ABCC61D2F5575B60052F9EF /* AppEnvironment.swift */,
				1ABCC61F2F5575DE0052F9EF /* AppBootstrap.swift */,
			);
			path = Application;
			sourceTree = "<group>";
		};
		1ABCC5EF2F5571A00052F9EF /* Core */ = {
			isa = PBXGroup;
			children = (
				1ABCC6382F55790C0052F9EF /* Router */,
				1ABCC6392F5579740052F9EF /* ModuleSystem */,
				1ABCC63A2F5579850052F9EF /* Infrastructure */,
			);
			path = Core;
			sourceTree = "<group>";
		};
		1ABCC5F02F5571B40052F9EF /* Services */ = {
			isa = PBXGroup;
			children = (
				1ABCC6212F55767E0052F9EF /* FeatureFlag */,
				1ABCC6222F5576980052F9EF /* User */,
				1ABCC6232F5576A10052F9EF /* Analytics */,
				1ABCC6342F5578300052F9EF /* Services.swift */,
			);
			path = Services;
			sourceTree = "<group>";
		};
		1ABCC5F12F5571BC0052F9EF /* Modules */ = {
			isa = PBXGroup;
			children = (
				1ABCC6512F557D3C0052F9EF /* Profile */,
				1ABCC60B2F55726E0052F9EF /* Home */,
			);
			path = Modules;
			sourceTree = "<group>";
		};
		1ABCC5F22F5571C80052F9EF /* Resources */ = {
			isa = PBXGroup;
			children = (
			);
			path = Resources;
			sourceTree = "<group>";
		};
		1ABCC60B2F55726E0052F9EF /* Home */ = {
			isa = PBXGroup;
			children = (
				1ABCC60C2F55727B0052F9EF /* Interface */,
				1ABCC6112F5573910052F9EF /* Implementation */,
				1ABCC6142F5574320052F9EF /* UI */,
			);
			path = Home;
			sourceTree = "<group>";
		};
		1ABCC60C2F55727B0052F9EF /* Interface */ = {
			isa = PBXGroup;
			children = (
				1ABCC60D2F5572A20052F9EF /* HomeModuleProtocol.swift */,
				1ABCC60F2F5573340052F9EF /* HomeDependenciesProtocol.swift */,
			);
			path = Interface;
			sourceTree = "<group>";
		};
		1ABCC6112F5573910052F9EF /* Implementation */ = {
			isa = PBXGroup;
			children = (
				1ABCC6122F5573B50052F9EF /* HomeViewModel.swift */,
				1ABCC6172F5574E70052F9EF /* HomeV1Assembly.swift */,
				1ABCC6192F55753E0052F9EF /* HomeV2Assembly.swift */,
				1ABCC61B2F55757E0052F9EF /* HomeStrategy.swift */,
			);
			path = Implementation;
			sourceTree = "<group>";
		};
		1ABCC6142F5574320052F9EF /* UI */ = {
			isa = PBXGroup;
			children = (
				1ABCC6152F55744E0052F9EF /* HomeSwiftUIView.swift */,
			);
			path = UI;
			sourceTree = "<group>";
		};
		1ABCC6212F55767E0052F9EF /* FeatureFlag */ = {
			isa = PBXGroup;
			children = (
				1ABCC62C2F55776C0052F9EF /* Feature.swift */,
				1ABCC62E2F5577A90052F9EF /* FeatureFlagServiceProtocol.swift */,
				1ABCC6302F5577C70052F9EF /* DefaultFeatureFlagService.swift */,
				1ABCC6322F5577F00052F9EF /* RemoteFeatureFlagService.swift */,
			);
			path = FeatureFlag;
			sourceTree = "<group>";
		};
		1ABCC6222F5576980052F9EF /* User */ = {
			isa = PBXGroup;
			children = (
				1ABCC6242F5576B80052F9EF /* UserServiceProtocol.swift */,
				1ABCC6262F5576E20052F9EF /* DefaultUserService.swift */,
				1ABCC6362F55787E0052F9EF /* MockUserService.swift */,
			);
			path = User;
			sourceTree = "<group>";
		};
		1ABCC6232F5576A10052F9EF /* Analytics */ = {
			isa = PBXGroup;
			children = (
				1ABCC6282F5577070052F9EF /* AnalyticsServiceProtocol.swift */,
				1ABCC62A2F55772E0052F9EF /* DefaultAnalyticsService.swift */,
			);
			path = Analytics;
			sourceTree = "<group>";
		};
		1ABCC6382F55790C0052F9EF /* Router */ = {
			isa = PBXGroup;
			children = (
				1ABCC63B2F5579A50052F9EF /* Route.swift */,
				1ABCC63D2F5579D30052F9EF /* AppRouter.swift */,
			);
			path = Router;
			sourceTree = "<group>";
		};
		1ABCC6392F5579740052F9EF /* ModuleSystem */ = {
			isa = PBXGroup;
			children = (
				1ABCC63F2F557A0C0052F9EF /* ModuleProtocol.swift */,
				1ABCC6412F557A230052F9EF /* ModuleRegistry.swift */,
				1ABCC6432F557A4B0052F9EF /* ModuleStrategy.swift */,
				1ACFD3442F5595FD00F842AB /* BaseStrategy.swift */,
			);
			path = ModuleSystem;
			sourceTree = "<group>";
		};
		1ABCC63A2F5579850052F9EF /* Infrastructure */ = {
			isa = PBXGroup;
			children = (
				1ABCC6452F557A7A0052F9EF /* Logger.swift */,
				1ABCC6492F557AE10052F9EF /* DefaultLogger.swift */,
				1ABCC6472F557A9F0052F9EF /* NetworkClient.swift */,
				1ABCC64B2F557B000052F9EF /* DefaultNetworkClient.swift */,
				1ABCC64D2F557B4A0052F9EF /* Storage.swift */,
				1ABCC64F2F557B670052F9EF /* UserDefaultsStorage.swift */,
			);
			path = Infrastructure;
			sourceTree = "<group>";
		};
		1ABCC6512F557D3C0052F9EF /* Profile */ = {
			isa = PBXGroup;
			children = (
				1ABCC6542F557E360052F9EF /* Interface */,
				1ACFD3462F55976500F842AB /* ProfileStrategy.swift */,
			);
			path = Profile;
			sourceTree = "<group>";
		};
		1ABCC6542F557E360052F9EF /* Interface */ = {
			isa = PBXGroup;
			children = (
				1ABCC6522F557E140052F9EF /* ProfileModuleProtocol.swift */,
			);
			path = Interface;
			sourceTree = "<group>";
		};
		6A4D0B3A41FAC62DF99C5A15 /* Frameworks */ = {
			isa = PBXGroup;
			children = (
				A7F462A099B05E72924A0710 /* Pods_iOS26Demo.framework */,
			);
			name = Frameworks;
			sourceTree = "<group>";
		};
		80EE7A2276F857892849C526 /* Pods */ = {
			isa = PBXGroup;
			children = (
				1E82530F97D090AD07E952D3 /* Pods-iOS26Demo.debug.xcconfig */,
				2D00AC1B369A8E05BFBDD319 /* Pods-iOS26Demo.release.xcconfig */,
			);
			path = Pods;
			sourceTree = "<group>";
		};
/* End PBXGroup section */

/* Begin PBXNativeTarget section */
		1AABBE7B2F161DB000A1454D /* iOS26Demo */ = {
			isa = PBXNativeTarget;
			buildConfigurationList = 1AABBE8F2F161DB100A1454D /* Build configuration list for PBXNativeTarget "iOS26Demo" */;
			buildPhases = (
				53D28656F6D5281D775DB852 /* [CP] Check Pods Manifest.lock */,
				1AABBE782F161DB000A1454D /* Sources */,
				1AABBE792F161DB000A1454D /* Frameworks */,
				1AABBE7A2F161DB000A1454D /* Resources */,
				52F4FD8B5AA1D50D13D7977A /* [CP] Embed Pods Frameworks */,
			);
			buildRules = (
			);
			dependencies = (
			);
			name = iOS26Demo;
			productName = iOS26Demo;
			productReference = 1AABBE7C2F161DB000A1454D /* iOS26Demo.app */;
			productType = "com.apple.product-type.application";
		};
/* End PBXNativeTarget section */

/* Begin PBXProject section */
		1AABBE742F161DB000A1454D /* Project object */ = {
			isa = PBXProject;
			attributes = {
				BuildIndependentTargetsInParallel = 1;
				LastSwiftUpdateCheck = 2620;
				LastUpgradeCheck = 2620;
				TargetAttributes = {
					1AABBE7B2F161DB000A1454D = {
						CreatedOnToolsVersion = 26.2;
					};
				};
			};
			buildConfigurationList = 1AABBE772F161DB000A1454D /* Build configuration list for PBXProject "iOS26Demo" */;
			developmentRegion = en;
			hasScannedForEncodings = 0;
			knownRegions = (
				en,
				Base,
			);
			mainGroup = 1AABBE732F161DB000A1454D;
			minimizedProjectReferenceProxies = 1;
			preferredProjectObjectVersion = 77;
			productRefGroup = 1AABBE7D2F161DB000A1454D /* Products */;
			projectDirPath = "";
			projectRoot = "";
			targets = (
				1AABBE7B2F161DB000A1454D /* iOS26Demo */,
			);
		};
/* End PBXProject section */

/* Begin PBXResourcesBuildPhase section */
		1AABBE7A2F161DB000A1454D /* Resources */ = {
			isa = PBXResourcesBuildPhase;
			buildActionMask = 2147483647;
			files = (
				1AABBEBE2F161FBE00A1454D /* Assets.xcassets in Resources */,
				1AABBEC02F161FBE00A1454D /* LaunchScreen.storyboard in Resources */,
			);
			runOnlyForDeploymentPostprocessing = 0;
		};
/* End PBXResourcesBuildPhase section */

/* Begin PBXShellScriptBuildPhase section */
		52F4FD8B5AA1D50D13D7977A /* [CP] Embed Pods Frameworks */ = {
			isa = PBXShellScriptBuildPhase;
			buildActionMask = 2147483647;
			files = (
			);
			inputFileListPaths = (
				"${PODS_ROOT}/Target Support Files/Pods-iOS26Demo/Pods-iOS26Demo-frameworks-${CONFIGURATION}-input-files.xcfilelist",
			);
			inputPaths = (
			);
			name = "[CP] Embed Pods Frameworks";
			outputFileListPaths = (
				"${PODS_ROOT}/Target Support Files/Pods-iOS26Demo/Pods-iOS26Demo-frameworks-${CONFIGURATION}-output-files.xcfilelist",
			);
			outputPaths = (
			);
			runOnlyForDeploymentPostprocessing = 0;
			shellPath = /bin/sh;
			shellScript = "\"${PODS_ROOT}/Target Support Files/Pods-iOS26Demo/Pods-iOS26Demo-frameworks.sh\"\n";
			showEnvVarsInLog = 0;
		};
		53D28656F6D5281D775DB852 /* [CP] Check Pods Manifest.lock */ = {
			isa = PBXShellScriptBuildPhase;
			buildActionMask = 2147483647;
			files = (
			);
			inputFileListPaths = (
			);
			inputPaths = (
				"${PODS_PODFILE_DIR_PATH}/Podfile.lock",
				"${PODS_ROOT}/Manifest.lock",
			);
			name = "[CP] Check Pods Manifest.lock";
			outputFileListPaths = (
			);
			outputPaths = (
				"$(DERIVED_FILE_DIR)/Pods-iOS26Demo-checkManifestLockResult.txt",
			);
			runOnlyForDeploymentPostprocessing = 0;
			shellPath = /bin/sh;
			shellScript = "diff \"${PODS_PODFILE_DIR_PATH}/Podfile.lock\" \"${PODS_ROOT}/Manifest.lock\" > /dev/null\nif [ $? != 0 ] ; then\n    # print error to STDERR\n    echo \"error: The sandbox is not in sync with the Podfile.lock. Run 'pod install' or update your CocoaPods installation.\" >&2\n    exit 1\nfi\n# This output is used by Xcode 'outputs' to avoid re-running this script phase.\necho \"SUCCESS\" > \"${SCRIPT_OUTPUT_FILE_0}\"\n";
			showEnvVarsInLog = 0;
		};
/* End PBXShellScriptBuildPhase section */

/* Begin PBXSourcesBuildPhase section */
		1AABBE782F161DB000A1454D /* Sources */ = {
			isa = PBXSourcesBuildPhase;
			buildActionMask = 2147483647;
			files = (
				1ABCC61A2F55753E0052F9EF /* HomeV2Assembly.swift in Sources */,
				1ACFD3452F5595FD00F842AB /* BaseStrategy.swift in Sources */,
				1ABCC6202F5575DE0052F9EF /* AppBootstrap.swift in Sources */,
				1ABCC6132F5573B50052F9EF /* HomeViewModel.swift in Sources */,
				1ACFD3472F55976500F842AB /* ProfileStrategy.swift in Sources */,
				1A7AB3572F19E22D00FBCD49 /* GridView.swift in Sources */,
				1ABCC6162F55744E0052F9EF /* HomeSwiftUIView.swift in Sources */,
				1ABCC6102F5573340052F9EF /* HomeDependenciesProtocol.swift in Sources */,
				1ABCC6442F557A4B0052F9EF /* ModuleStrategy.swift in Sources */,
				1AABBEC72F161FEB00A1454D /* BaseNavViewController.swift in Sources */,
				1ABCC6272F5576E20052F9EF /* DefaultUserService.swift in Sources */,
				1ABCC62F2F5577A90052F9EF /* FeatureFlagServiceProtocol.swift in Sources */,
				1ABCC6422F557A230052F9EF /* ModuleRegistry.swift in Sources */,
				1ABCC63C2F5579A50052F9EF /* Route.swift in Sources */,
				1ABCC62B2F55772E0052F9EF /* DefaultAnalyticsService.swift in Sources */,
				1AABBEC22F161FBE00A1454D /* AppDelegate.swift in Sources */,
				1A7AB34B2F18DD6300FBCD49 /* AyAiWalletHeadViewSwiftUI.swift in Sources */,
				1ABCC6372F55787E0052F9EF /* MockUserService.swift in Sources */,
				1AABBEC32F161FBE00A1454D /* JXYTabBarVC.swift in Sources */,
				1ABCC6352F5578300052F9EF /* Services.swift in Sources */,
				1AABBEEE2F16401C00A1454D /* SearchViewController.swift in Sources */,
				1A8420812F173F0F004DB563 /* ProfileViewSwiftUI.swift in Sources */,
				1ABCC64A2F557AE10052F9EF /* DefaultLogger.swift in Sources */,
				1ABCC63E2F5579D30052F9EF /* AppRouter.swift in Sources */,
				1ABCC6182F5574E70052F9EF /* HomeV1Assembly.swift in Sources */,
				1ABCC64C2F557B000052F9EF /* DefaultNetworkClient.swift in Sources */,
				1ABCC6462F557A7A0052F9EF /* Logger.swift in Sources */,
				1ABCC6292F5577070052F9EF /* AnalyticsServiceProtocol.swift in Sources */,
				1AAA0D6A2F2C42DA0047A9C2 /* JXYTabBarVC2.swift in Sources */,
				1ABCC61C2F55757F0052F9EF /* HomeStrategy.swift in Sources */,
				1ABCC62D2F55776C0052F9EF /* Feature.swift in Sources */,
				1ACFD3432F558B1D00F842AB /* HomeViewController.swift in Sources */,
				1ABCC64E2F557B4A0052F9EF /* Storage.swift in Sources */,
				1AABBECD2F1620D100A1454D /* ThreeViewController.swift in Sources */,
				1AABBEC92F16209100A1454D /* FirstViewController.swift in Sources */,
				1ABCC6502F557B670052F9EF /* UserDefaultsStorage.swift in Sources */,
				1AABBECB2F1620B000A1454D /* SecondViewController.swift in Sources */,
				1ABCC6332F5577F00052F9EF /* RemoteFeatureFlagService.swift in Sources */,
				1ABCC6482F557A9F0052F9EF /* NetworkClient.swift in Sources */,
				1AABBEC42F161FBE00A1454D /* SceneDelegate.swift in Sources */,
				1ABCC6402F557A0C0052F9EF /* ModuleProtocol.swift in Sources */,
				1ABCC60E2F5572A20052F9EF /* HomeModuleProtocol.swift in Sources */,
				1ABCC6532F557E140052F9EF /* ProfileModuleProtocol.swift in Sources */,
				1ABCC6252F5576B80052F9EF /* UserServiceProtocol.swift in Sources */,
				1A7AB3542F19E1AE00FBCD49 /* ProductGridView.swift in Sources */,
				1AABBED22F162B3800A1454D /* FourViewController.swift in Sources */,
				1ABCC6312F5577C70052F9EF /* DefaultFeatureFlagService.swift in Sources */,
				1ABCC61E2F5575B60052F9EF /* AppEnvironment.swift in Sources */,
			);
			runOnlyForDeploymentPostprocessing = 0;
		};
/* End PBXSourcesBuildPhase section */

/* Begin PBXVariantGroup section */
		1AABBEB82F161FBE00A1454D /* LaunchScreen.storyboard */ = {
			isa = PBXVariantGroup;
			children = (
				1AABBEB72F161FBE00A1454D /* Base */,
			);
			name = LaunchScreen.storyboard;
			sourceTree = "<group>";
		};
/* End PBXVariantGroup section */

/* Begin XCBuildConfiguration section */
		1AABBE902F161DB100A1454D /* Debug */ = {
			isa = XCBuildConfiguration;
			baseConfigurationReference = 1E82530F97D090AD07E952D3 /* Pods-iOS26Demo.debug.xcconfig */;
			buildSettings = {
				ASSETCATALOG_COMPILER_APPICON_NAME = AppIcon;
				ASSETCATALOG_COMPILER_GLOBAL_ACCENT_COLOR_NAME = AccentColor;
				ASSETCATALOG_COMPILER_INCLUDE_ALL_APPICON_ASSETS = NO;
				CODE_SIGN_STYLE = Automatic;
				CURRENT_PROJECT_VERSION = 1;
				DEVELOPMENT_TEAM = DPH6GKCK4S;
				ENABLE_USER_SCRIPT_SANDBOXING = NO;
				GENERATE_INFOPLIST_FILE = YES;
				INFOPLIST_FILE = iOS26Demo/Info.plist;
				INFOPLIST_KEY_UIApplicationSupportsIndirectInputEvents = YES;
				INFOPLIST_KEY_UILaunchStoryboardName = LaunchScreen;
				INFOPLIST_KEY_UISupportedInterfaceOrientations = UIInterfaceOrientationPortrait;
				IPHONEOS_DEPLOYMENT_TARGET = 18.6;
				LD_RUNPATH_SEARCH_PATHS = (
					"$(inherited)",
					"@executable_path/Frameworks",
				);
				MARKETING_VERSION = 1.0;
				PRODUCT_BUNDLE_IDENTIFIER = com.ptl.com.iOS26Demo;
				PRODUCT_NAME = "$(TARGET_NAME)";
				STRING_CATALOG_GENERATE_SYMBOLS = YES;
				SWIFT_APPROACHABLE_CONCURRENCY = YES;
				SWIFT_DEFAULT_ACTOR_ISOLATION = MainActor;
				SWIFT_EMIT_LOC_STRINGS = YES;
				SWIFT_UPCOMING_FEATURE_MEMBER_IMPORT_VISIBILITY = YES;
				SWIFT_VERSION = 5.0;
				TARGETED_DEVICE_FAMILY = "1,2";
			};
			name = Debug;
		};
		1AABBE912F161DB100A1454D /* Release */ = {
			isa = XCBuildConfiguration;
			baseConfigurationReference = 2D00AC1B369A8E05BFBDD319 /* Pods-iOS26Demo.release.xcconfig */;
			buildSettings = {
				ASSETCATALOG_COMPILER_APPICON_NAME = AppIcon;
				ASSETCATALOG_COMPILER_GLOBAL_ACCENT_COLOR_NAME = AccentColor;
				ASSETCATALOG_COMPILER_INCLUDE_ALL_APPICON_ASSETS = NO;
				CODE_SIGN_STYLE = Automatic;
				CURRENT_PROJECT_VERSION = 1;
				DEVELOPMENT_TEAM = DPH6GKCK4S;
				ENABLE_USER_SCRIPT_SANDBOXING = NO;
				GENERATE_INFOPLIST_FILE = YES;
				INFOPLIST_FILE = iOS26Demo/Info.plist;
				INFOPLIST_KEY_UIApplicationSupportsIndirectInputEvents = YES;
				INFOPLIST_KEY_UILaunchStoryboardName = LaunchScreen;
				INFOPLIST_KEY_UISupportedInterfaceOrientations = UIInterfaceOrientationPortrait;
				IPHONEOS_DEPLOYMENT_TARGET = 18.6;
				LD_RUNPATH_SEARCH_PATHS = (
					"$(inherited)",
					"@executable_path/Frameworks",
				);
				MARKETING_VERSION = 1.0;
				PRODUCT_BUNDLE_IDENTIFIER = com.ptl.com.iOS26Demo;
				PRODUCT_NAME = "$(TARGET_NAME)";
				STRING_CATALOG_GENERATE_SYMBOLS = YES;
				SWIFT_APPROACHABLE_CONCURRENCY = YES;
				SWIFT_DEFAULT_ACTOR_ISOLATION = MainActor;
				SWIFT_EMIT_LOC_STRINGS = YES;
				SWIFT_UPCOMING_FEATURE_MEMBER_IMPORT_VISIBILITY = YES;
				SWIFT_VERSION = 5.0;
				TARGETED_DEVICE_FAMILY = "1,2";
			};
			name = Release;
		};
		1AABBE922F161DB100A1454D /* Debug */ = {
			isa = XCBuildConfiguration;
			buildSettings = {
				ALWAYS_SEARCH_USER_PATHS = NO;
				ASSETCATALOG_COMPILER_GENERATE_SWIFT_ASSET_SYMBOL_EXTENSIONS = YES;
				CLANG_ANALYZER_NONNULL = YES;
				CLANG_ANALYZER_NUMBER_OBJECT_CONVERSION = YES_AGGRESSIVE;
				CLANG_CXX_LANGUAGE_STANDARD = "gnu++20";
				CLANG_ENABLE_MODULES = YES;
				CLANG_ENABLE_OBJC_ARC = YES;
				CLANG_ENABLE_OBJC_WEAK = YES;
				CLANG_WARN_BLOCK_CAPTURE_AUTORELEASING = YES;
				CLANG_WARN_BOOL_CONVERSION = YES;
				CLANG_WARN_COMMA = YES;
				CLANG_WARN_CONSTANT_CONVERSION = YES;
				CLANG_WARN_DEPRECATED_OBJC_IMPLEMENTATIONS = YES;
				CLANG_WARN_DIRECT_OBJC_ISA_USAGE = YES_ERROR;
				CLANG_WARN_DOCUMENTATION_COMMENTS = YES;
				CLANG_WARN_EMPTY_BODY = YES;
				CLANG_WARN_ENUM_CONVERSION = YES;
				CLANG_WARN_INFINITE_RECURSION = YES;
				CLANG_WARN_INT_CONVERSION = YES;
				CLANG_WARN_NON_LITERAL_NULL_CONVERSION = YES;
				CLANG_WARN_OBJC_IMPLICIT_RETAIN_SELF = YES;
				CLANG_WARN_OBJC_LITERAL_CONVERSION = YES;
				CLANG_WARN_OBJC_ROOT_CLASS = YES_ERROR;
				CLANG_WARN_QUOTED_INCLUDE_IN_FRAMEWORK_HEADER = YES;
				CLANG_WARN_RANGE_LOOP_ANALYSIS = YES;
				CLANG_WARN_STRICT_PROTOTYPES = YES;
				CLANG_WARN_SUSPICIOUS_MOVE = YES;
				CLANG_WARN_UNGUARDED_AVAILABILITY = YES_AGGRESSIVE;
				CLANG_WARN_UNREACHABLE_CODE = YES;
				CLANG_WARN__DUPLICATE_METHOD_MATCH = YES;
				COPY_PHASE_STRIP = NO;
				DEBUG_INFORMATION_FORMAT = dwarf;
				DEVELOPMENT_TEAM = DPH6GKCK4S;
				ENABLE_STRICT_OBJC_MSGSEND = YES;
				ENABLE_TESTABILITY = YES;
				ENABLE_USER_SCRIPT_SANDBOXING = YES;
				GCC_C_LANGUAGE_STANDARD = gnu17;
				GCC_DYNAMIC_NO_PIC = NO;
				GCC_NO_COMMON_BLOCKS = YES;
				GCC_OPTIMIZATION_LEVEL = 0;
				GCC_PREPROCESSOR_DEFINITIONS = (
					"DEBUG=1",
					"$(inherited)",
				);
				GCC_WARN_64_TO_32_BIT_CONVERSION = YES;
				GCC_WARN_ABOUT_RETURN_TYPE = YES_ERROR;
				GCC_WARN_UNDECLARED_SELECTOR = YES;
				GCC_WARN_UNINITIALIZED_AUTOS = YES_AGGRESSIVE;
				GCC_WARN_UNUSED_FUNCTION = YES;
				GCC_WARN_UNUSED_VARIABLE = YES;
				IPHONEOS_DEPLOYMENT_TARGET = 26.2;
				LOCALIZATION_PREFERS_STRING_CATALOGS = YES;
				MTL_ENABLE_DEBUG_INFO = INCLUDE_SOURCE;
				MTL_FAST_MATH = YES;
				ONLY_ACTIVE_ARCH = YES;
				SDKROOT = iphoneos;
				STRING_CATALOG_GENERATE_SYMBOLS = YES;
				SWIFT_ACTIVE_COMPILATION_CONDITIONS = "DEBUG $(inherited)";
				SWIFT_OPTIMIZATION_LEVEL = "-Onone";
			};
			name = Debug;
		};
		1AABBE932F161DB100A1454D /* Release */ = {
			isa = XCBuildConfiguration;
			buildSettings = {
				ALWAYS_SEARCH_USER_PATHS = NO;
				ASSETCATALOG_COMPILER_GENERATE_SWIFT_ASSET_SYMBOL_EXTENSIONS = YES;
				CLANG_ANALYZER_NONNULL = YES;
				CLANG_ANALYZER_NUMBER_OBJECT_CONVERSION = YES_AGGRESSIVE;
				CLANG_CXX_LANGUAGE_STANDARD = "gnu++20";
				CLANG_ENABLE_MODULES = YES;
				CLANG_ENABLE_OBJC_ARC = YES;
				CLANG_ENABLE_OBJC_WEAK = YES;
				CLANG_WARN_BLOCK_CAPTURE_AUTORELEASING = YES;
				CLANG_WARN_BOOL_CONVERSION = YES;
				CLANG_WARN_COMMA = YES;
				CLANG_WARN_CONSTANT_CONVERSION = YES;
				CLANG_WARN_DEPRECATED_OBJC_IMPLEMENTATIONS = YES;
				CLANG_WARN_DIRECT_OBJC_ISA_USAGE = YES_ERROR;
				CLANG_WARN_DOCUMENTATION_COMMENTS = YES;
				CLANG_WARN_EMPTY_BODY = YES;
				CLANG_WARN_ENUM_CONVERSION = YES;
				CLANG_WARN_INFINITE_RECURSION = YES;
				CLANG_WARN_INT_CONVERSION = YES;
				CLANG_WARN_NON_LITERAL_NULL_CONVERSION = YES;
				CLANG_WARN_OBJC_IMPLICIT_RETAIN_SELF = YES;
				CLANG_WARN_OBJC_LITERAL_CONVERSION = YES;
				CLANG_WARN_OBJC_ROOT_CLASS = YES_ERROR;
				CLANG_WARN_QUOTED_INCLUDE_IN_FRAMEWORK_HEADER = YES;
				CLANG_WARN_RANGE_LOOP_ANALYSIS = YES;
				CLANG_WARN_STRICT_PROTOTYPES = YES;
				CLANG_WARN_SUSPICIOUS_MOVE = YES;
				CLANG_WARN_UNGUARDED_AVAILABILITY = YES_AGGRESSIVE;
				CLANG_WARN_UNREACHABLE_CODE = YES;
				CLANG_WARN__DUPLICATE_METHOD_MATCH = YES;
				COPY_PHASE_STRIP = NO;
				DEBUG_INFORMATION_FORMAT = "dwarf-with-dsym";
				DEVELOPMENT_TEAM = DPH6GKCK4S;
				ENABLE_NS_ASSERTIONS = NO;
				ENABLE_STRICT_OBJC_MSGSEND = YES;
				ENABLE_USER_SCRIPT_SANDBOXING = YES;
				GCC_C_LANGUAGE_STANDARD = gnu17;
				GCC_NO_COMMON_BLOCKS = YES;
				GCC_WARN_64_TO_32_BIT_CONVERSION = YES;
				GCC_WARN_ABOUT_RETURN_TYPE = YES_ERROR;
				GCC_WARN_UNDECLARED_SELECTOR = YES;
				GCC_WARN_UNINITIALIZED_AUTOS = YES_AGGRESSIVE;
				GCC_WARN_UNUSED_FUNCTION = YES;
				GCC_WARN_UNUSED_VARIABLE = YES;
				IPHONEOS_DEPLOYMENT_TARGET = 26.2;
				LOCALIZATION_PREFERS_STRING_CATALOGS = YES;
				MTL_ENABLE_DEBUG_INFO = NO;
				MTL_FAST_MATH = YES;
				SDKROOT = iphoneos;
				STRING_CATALOG_GENERATE_SYMBOLS = YES;
				SWIFT_COMPILATION_MODE = wholemodule;
				VALIDATE_PRODUCT = YES;
			};
			name = Release;
		};
/* End XCBuildConfiguration section */

/* Begin XCConfigurationList section */
		1AABBE772F161DB000A1454D /* Build configuration list for PBXProject "iOS26Demo" */ = {
			isa = XCConfigurationList;
			buildConfigurations = (
				1AABBE922F161DB100A1454D /* Debug */,
				1AABBE932F161DB100A1454D /* Release */,
			);
			defaultConfigurationIsVisible = 0;
			defaultConfigurationName = Release;
		};
		1AABBE8F2F161DB100A1454D /* Build configuration list for PBXNativeTarget "iOS26Demo" */ = {
			isa = XCConfigurationList;
			buildConfigurations = (
				1AABBE902F161DB100A1454D /* Debug */,
				1AABBE912F161DB100A1454D /* Release */,
			);
			defaultConfigurationIsVisible = 0;
			defaultConfigurationName = Release;
		};
/* End XCConfigurationList section */
	};
	rootObject = 1AABBE742F161DB000A1454D /* Project object */;
}
